// !$*UTF8*$!
{
	archiveVersion = 1;
	classes = {
	};
	objectVersion = 50;
	objects = {

/* Begin PBXBuildFile section */
		3B10E194244A8030009F724B /* meta.cpp in Sources */ = {isa = PBXBuildFile; fileRef = 3B10E191244A8030009F724B /* meta.cpp */; };
		3B10E195244A8030009F724B /* analyzer-main.cpp in Sources */ = {isa = PBXBuildFile; fileRef = 3B10E193244A8030009F724B /* analyzer-main.cpp */; };
		3B1232BF240E12F4005E76E9 /* main.cpp in Sources */ = {isa = PBXBuildFile; fileRef = 3B1232BE240E12F4005E76E9 /* main.cpp */; };
		3B1232C7240E13EB005E76E9 /* libfltk.1.3.dylib in Frameworks */ = {isa = PBXBuildFile; fileRef = 3B1232C6240E13EB005E76E9 /* libfltk.1.3.dylib */; };
		3B1232CA240EDD6C005E76E9 /* fltkCode.cpp in Sources */ = {isa = PBXBuildFile; fileRef = 3B1232C8240EDD6C005E76E9 /* fltkCode.cpp */; };
/* End PBXBuildFile section */

/* Begin PBXCopyFilesBuildPhase section */
		3B1232B9240E12F4005E76E9 /* CopyFiles */ = {
			isa = PBXCopyFilesBuildPhase;
			buildActionMask = 2147483647;
			dstPath = /usr/share/man/man1/;
			dstSubfolderSpec = 0;
			files = (
			);
			runOnlyForDeploymentPostprocessing = 1;
		};
/* End PBXCopyFilesBuildPhase section */

/* Begin PBXFileReference section */
		3B10E18F244A7FDB009F724B /* libmeta-utf.dylib */ = {isa = PBXFileReference; lastKnownFileType = "compiled.mach-o.dylib"; name = "libmeta-utf.dylib"; path = "../meta/build/lib/libmeta-utf.dylib"; sourceTree = "<group>"; };
		3B10E191244A8030009F724B /* meta.cpp */ = {isa = PBXFileReference; fileEncoding = 4; lastKnownFileType = sourcecode.cpp.cpp; path = meta.cpp; sourceTree = "<group>"; };
		3B10E192244A8030009F724B /* meta.hpp */ = {isa = PBXFileReference; fileEncoding = 4; lastKnownFileType = sourcecode.cpp.h; path = meta.hpp; sourceTree = "<group>"; };
		3B10E193244A8030009F724B /* analyzer-main.cpp */ = {isa = PBXFileReference; fileEncoding = 4; lastKnownFileType = sourcecode.cpp.cpp; path = "analyzer-main.cpp"; sourceTree = "<group>"; };
		3B1232BB240E12F4005E76E9 /* textAnalyzerFLTK */ = {isa = PBXFileReference; explicitFileType = "compiled.mach-o.executable"; includeInIndex = 0; path = textAnalyzerFLTK; sourceTree = BUILT_PRODUCTS_DIR; };
		3B1232BE240E12F4005E76E9 /* main.cpp */ = {isa = PBXFileReference; lastKnownFileType = sourcecode.cpp.cpp; path = main.cpp; sourceTree = "<group>"; };
		3B1232C6240E13EB005E76E9 /* libfltk.1.3.dylib */ = {isa = PBXFileReference; lastKnownFileType = "compiled.mach-o.dylib"; name = libfltk.1.3.dylib; path = ../../../../usr/local/Cellar/fltk/1.3.5/lib/libfltk.1.3.dylib; sourceTree = "<group>"; };
		3B1232C8240EDD6C005E76E9 /* fltkCode.cpp */ = {isa = PBXFileReference; lastKnownFileType = sourcecode.cpp.cpp; path = fltkCode.cpp; sourceTree = "<group>"; };
		3B1232C9240EDD6C005E76E9 /* fltkCode.hpp */ = {isa = PBXFileReference; lastKnownFileType = sourcecode.cpp.h; path = fltkCode.hpp; sourceTree = "<group>"; };
/* End PBXFileReference section */

/* Begin PBXFrameworksBuildPhase section */
		3B1232B8240E12F4005E76E9 /* Frameworks */ = {
			isa = PBXFrameworksBuildPhase;
			buildActionMask = 2147483647;
			files = (
				3B1232C7240E13EB005E76E9 /* libfltk.1.3.dylib in Frameworks */,
			);
			runOnlyForDeploymentPostprocessing = 0;
		};
/* End PBXFrameworksBuildPhase section */

/* Begin PBXGroup section */
		3B1232B2240E12F4005E76E9 = {
			isa = PBXGroup;
			children = (
				3B1232BD240E12F4005E76E9 /* textAnalyzerFLTK */,
				3B1232BC240E12F4005E76E9 /* Products */,
				3B1232C5240E13EB005E76E9 /* Frameworks */,
			);
			sourceTree = "<group>";
		};
		3B1232BC240E12F4005E76E9 /* Products */ = {
			isa = PBXGroup;
			children = (
				3B1232BB240E12F4005E76E9 /* textAnalyzerFLTK */,
			);
			name = Products;
			sourceTree = "<group>";
		};
		3B1232BD240E12F4005E76E9 /* textAnalyzerFLTK */ = {
			isa = PBXGroup;
			children = (
				3B10E193244A8030009F724B /* analyzer-main.cpp */,
				3B10E191244A8030009F724B /* meta.cpp */,
				3B10E192244A8030009F724B /* meta.hpp */,
				3B1232BE240E12F4005E76E9 /* main.cpp */,
				3B1232C8240EDD6C005E76E9 /* fltkCode.cpp */,
				3B1232C9240EDD6C005E76E9 /* fltkCode.hpp */,
			);
			path = textAnalyzerFLTK;
			sourceTree = "<group>";
		};
		3B1232C5240E13EB005E76E9 /* Frameworks */ = {
			isa = PBXGroup;
			children = (
				3B10E18F244A7FDB009F724B /* libmeta-utf.dylib */,
				3B1232C6240E13EB005E76E9 /* libfltk.1.3.dylib */,
			);
			name = Frameworks;
			sourceTree = "<group>";
		};
/* End PBXGroup section */

/* Begin PBXNativeTarget section */
		3B1232BA240E12F4005E76E9 /* textAnalyzerFLTK */ = {
			isa = PBXNativeTarget;
			buildConfigurationList = 3B1232C2240E12F4005E76E9 /* Build configuration list for PBXNativeTarget "textAnalyzerFLTK" */;
			buildPhases = (
				3B1232B7240E12F4005E76E9 /* Sources */,
				3B1232B8240E12F4005E76E9 /* Frameworks */,
				3B1232B9240E12F4005E76E9 /* CopyFiles */,
			);
			buildRules = (
			);
			dependencies = (
			);
			name = textAnalyzerFLTK;
			productName = textAnalyzerFLTK;
			productReference = 3B1232BB240E12F4005E76E9 /* textAnalyzerFLTK */;
			productType = "com.apple.product-type.tool";
		};
/* End PBXNativeTarget section */

/* Begin PBXProject section */
		3B1232B3240E12F4005E76E9 /* Project object */ = {
			isa = PBXProject;
			attributes = {
				LastUpgradeCheck = 1130;
				ORGANIZATIONNAME = "Sarah Carter";
				TargetAttributes = {
					3B1232BA240E12F4005E76E9 = {
						CreatedOnToolsVersion = 11.3.1;
					};
				};
			};
			buildConfigurationList = 3B1232B6240E12F4005E76E9 /* Build configuration list for PBXProject "textAnalyzerFLTK" */;
			compatibilityVersion = "Xcode 9.3";
			developmentRegion = en;
			hasScannedForEncodings = 0;
			knownRegions = (
				en,
				Base,
			);
			mainGroup = 3B1232B2240E12F4005E76E9;
			productRefGroup = 3B1232BC240E12F4005E76E9 /* Products */;
			projectDirPath = "";
			projectRoot = "";
			targets = (
				3B1232BA240E12F4005E76E9 /* textAnalyzerFLTK */,
			);
		};
/* End PBXProject section */

/* Begin PBXSourcesBuildPhase section */
		3B1232B7240E12F4005E76E9 /* Sources */ = {
			isa = PBXSourcesBuildPhase;
			buildActionMask = 2147483647;
			files = (
				3B1232BF240E12F4005E76E9 /* main.cpp in Sources */,
				3B1232CA240EDD6C005E76E9 /* fltkCode.cpp in Sources */,
				3B10E195244A8030009F724B /* analyzer-main.cpp in Sources */,
				3B10E194244A8030009F724B /* meta.cpp in Sources */,
			);
			runOnlyForDeploymentPostprocessing = 0;
		};
/* End PBXSourcesBuildPhase section */

/* Begin XCBuildConfiguration section */
		3B1232C0240E12F4005E76E9 /* Debug */ = {
			isa = XCBuildConfiguration;
			buildSettings = {
				ALWAYS_SEARCH_USER_PATHS = NO;
				CLANG_ANALYZER_NONNULL = YES;
				CLANG_ANALYZER_NUMBER_OBJECT_CONVERSION = YES_AGGRESSIVE;
				CLANG_CXX_LANGUAGE_STANDARD = "gnu++14";
				CLANG_CXX_LIBRARY = "libc++";
				CLANG_ENABLE_MODULES = YES;
				CLANG_ENABLE_OBJC_ARC = YES;
				CLANG_ENABLE_OBJC_WEAK = YES;
				CLANG_WARN_BLOCK_CAPTURE_AUTORELEASING = YES;
				CLANG_WARN_BOOL_CONVERSION = YES;
				CLANG_WARN_COMMA = YES;
				CLANG_WARN_CONSTANT_CONVERSION = YES;
				CLANG_WARN_DEPRECATED_OBJC_IMPLEMENTATIONS = YES;
				CLANG_WARN_DIRECT_OBJC_ISA_USAGE = YES_ERROR;
				CLANG_WARN_DOCUMENTATION_COMMENTS = YES;
				CLANG_WARN_EMPTY_BODY = YES;
				CLANG_WARN_ENUM_CONVERSION = YES;
				CLANG_WARN_INFINITE_RECURSION = YES;
				CLANG_WARN_INT_CONVERSION = YES;
				CLANG_WARN_NON_LITERAL_NULL_CONVERSION = YES;
				CLANG_WARN_OBJC_IMPLICIT_RETAIN_SELF = YES;
				CLANG_WARN_OBJC_LITERAL_CONVERSION = YES;
				CLANG_WARN_OBJC_ROOT_CLASS = YES_ERROR;
				CLANG_WARN_RANGE_LOOP_ANALYSIS = YES;
				CLANG_WARN_STRICT_PROTOTYPES = YES;
				CLANG_WARN_SUSPICIOUS_MOVE = YES;
				CLANG_WARN_UNGUARDED_AVAILABILITY = YES_AGGRESSIVE;
				CLANG_WARN_UNREACHABLE_CODE = YES;
				CLANG_WARN__DUPLICATE_METHOD_MATCH = YES;
				COPY_PHASE_STRIP = NO;
				DEBUG_INFORMATION_FORMAT = dwarf;
				ENABLE_STRICT_OBJC_MSGSEND = YES;
				ENABLE_TESTABILITY = YES;
				GCC_C_LANGUAGE_STANDARD = gnu11;
				GCC_DYNAMIC_NO_PIC = NO;
				GCC_NO_COMMON_BLOCKS = YES;
				GCC_OPTIMIZATION_LEVEL = 0;
				GCC_PREPROCESSOR_DEFINITIONS = (
					"DEBUG=1",
					"$(inherited)",
				);
				GCC_WARN_64_TO_32_BIT_CONVERSION = YES;
				GCC_WARN_ABOUT_RETURN_TYPE = YES_ERROR;
				GCC_WARN_UNDECLARED_SELECTOR = YES;
				GCC_WARN_UNINITIALIZED_AUTOS = YES_AGGRESSIVE;
				GCC_WARN_UNUSED_FUNCTION = YES;
				GCC_WARN_UNUSED_VARIABLE = YES;
				MACOSX_DEPLOYMENT_TARGET = 10.14;
				MTL_ENABLE_DEBUG_INFO = INCLUDE_SOURCE;
				MTL_FAST_MATH = YES;
				ONLY_ACTIVE_ARCH = YES;
				SDKROOT = macosx;
			};
			name = Debug;
		};
		3B1232C1240E12F4005E76E9 /* Release */ = {
			isa = XCBuildConfiguration;
			buildSettings = {
				ALWAYS_SEARCH_USER_PATHS = NO;
				CLANG_ANALYZER_NONNULL = YES;
				CLANG_ANALYZER_NUMBER_OBJECT_CONVERSION = YES_AGGRESSIVE;
				CLANG_CXX_LANGUAGE_STANDARD = "gnu++14";
				CLANG_CXX_LIBRARY = "libc++";
				CLANG_ENABLE_MODULES = YES;
				CLANG_ENABLE_OBJC_ARC = YES;
				CLANG_ENABLE_OBJC_WEAK = YES;
				CLANG_WARN_BLOCK_CAPTURE_AUTORELEASING = YES;
				CLANG_WARN_BOOL_CONVERSION = YES;
				CLANG_WARN_COMMA = YES;
				CLANG_WARN_CONSTANT_CONVERSION = YES;
				CLANG_WARN_DEPRECATED_OBJC_IMPLEMENTATIONS = YES;
				CLANG_WARN_DIRECT_OBJC_ISA_USAGE = YES_ERROR;
				CLANG_WARN_DOCUMENTATION_COMMENTS = YES;
				CLANG_WARN_EMPTY_BODY = YES;
				CLANG_WARN_ENUM_CONVERSION = YES;
				CLANG_WARN_INFINITE_RECURSION = YES;
				CLANG_WARN_INT_CONVERSION = YES;
				CLANG_WARN_NON_LITERAL_NULL_CONVERSION = YES;
				CLANG_WARN_OBJC_IMPLICIT_RETAIN_SELF = YES;
				CLANG_WARN_OBJC_LITERAL_CONVERSION = YES;
				CLANG_WARN_OBJC_ROOT_CLASS = YES_ERROR;
				CLANG_WARN_RANGE_LOOP_ANALYSIS = YES;
				CLANG_WARN_STRICT_PROTOTYPES = YES;
				CLANG_WARN_SUSPICIOUS_MOVE = YES;
				CLANG_WARN_UNGUARDED_AVAILABILITY = YES_AGGRESSIVE;
				CLANG_WARN_UNREACHABLE_CODE = YES;
				CLANG_WARN__DUPLICATE_METHOD_MATCH = YES;
				COPY_PHASE_STRIP = NO;
				DEBUG_INFORMATION_FORMAT = "dwarf-with-dsym";
				ENABLE_NS_ASSERTIONS = NO;
				ENABLE_STRICT_OBJC_MSGSEND = YES;
				GCC_C_LANGUAGE_STANDARD = gnu11;
				GCC_NO_COMMON_BLOCKS = YES;
				GCC_WARN_64_TO_32_BIT_CONVERSION = YES;
				GCC_WARN_ABOUT_RETURN_TYPE = YES_ERROR;
				GCC_WARN_UNDECLARED_SELECTOR = YES;
				GCC_WARN_UNINITIALIZED_AUTOS = YES_AGGRESSIVE;
				GCC_WARN_UNUSED_FUNCTION = YES;
				GCC_WARN_UNUSED_VARIABLE = YES;
				MACOSX_DEPLOYMENT_TARGET = 10.14;
				MTL_ENABLE_DEBUG_INFO = NO;
				MTL_FAST_MATH = YES;
				SDKROOT = macosx;
			};
			name = Release;
		};
		3B1232C3240E12F4005E76E9 /* Debug */ = {
			isa = XCBuildConfiguration;
			buildSettings = {
				CLANG_CXX_LANGUAGE_STANDARD = "c++17";
				CODE_SIGN_STYLE = Automatic;
				DEVELOPMENT_TEAM = R4U3G8PRSV;
				ENABLE_HARDENED_RUNTIME = YES;
				HEADER_SEARCH_PATHS = (
					/usr/local/include,
					/usr/local/lib,
					/usr/local,
				);
				LIBRARY_SEARCH_PATHS = /usr/local/Cellar/fltk/1.3.5/lib;
				MACOSX_DEPLOYMENT_TARGET = 10.15;
				PRODUCT_NAME = "$(TARGET_NAME)";
				REZ_SEARCH_PATHS = "";
			};
			name = Debug;
		};
		3B1232C4240E12F4005E76E9 /* Release */ = {
			isa = XCBuildConfiguration;
			buildSettings = {
				CLANG_CXX_LANGUAGE_STANDARD = "c++17";
				CODE_SIGN_STYLE = Automatic;
				DEVELOPMENT_TEAM = R4U3G8PRSV;
				ENABLE_HARDENED_RUNTIME = YES;
				HEADER_SEARCH_PATHS = (
					/usr/local/include,
					/usr/local/lib,
					/usr/local,
				);
				LIBRARY_SEARCH_PATHS = /usr/local/Cellar/fltk/1.3.5/lib;
				MACOSX_DEPLOYMENT_TARGET = 10.15;
				PRODUCT_NAME = "$(TARGET_NAME)";
				REZ_SEARCH_PATHS = "";
			};
			name = Release;
		};
/* End XCBuildConfiguration section */

/* Begin XCConfigurationList section */
		3B1232B6240E12F4005E76E9 /* Build configuration list for PBXProject "textAnalyzerFLTK" */ = {
			isa = XCConfigurationList;
			buildConfigurations = (
				3B1232C0240E12F4005E76E9 /* Debug */,
				3B1232C1240E12F4005E76E9 /* Release */,
			);
			defaultConfigurationIsVisible = 0;
			defaultConfigurationName = Release;
		};
		3B1232C2240E12F4005E76E9 /* Build configuration list for PBXNativeTarget "textAnalyzerFLTK" */ = {
			isa = XCConfigurationList;
			buildConfigurations = (
				3B1232C3240E12F4005E76E9 /* Debug */,
				3B1232C4240E12F4005E76E9 /* Release */,
			);
			defaultConfigurationIsVisible = 0;
			defaultConfigurationName = Release;
		};
/* End XCConfigurationList section */
	};
	rootObject = 3B1232B3240E12F4005E76E9 /* Project object */;
}
